
Microsoft Visual Studio Solution File, Format Version 12.00
# Visual Studio 14
VisualStudioVersion = 14.0.25420.1
MinimumVisualStudioVersion = 10.0.40219.1
Project("{FAE04EC0-301F-11D3-BF4B-00C04F79EFBC}") = "Gorsel3_Ders03_01_TopOyunu", "Gorsel3_Ders03_01_TopOyunu\Gorsel3_Ders03_01_TopOyunu.csproj", "{6EE69E42-2989-47BA-A7B1-B2EE89D47AD2}"
EndProject
Global
	GlobalSection(SolutionConfigurationPlatforms) = preSolution
		Debug|Any CPU = Debug|Any CPU
		Release|Any CPU = Release|Any CPU
	EndGlobalSection
	GlobalSection(ProjectConfigurationPlatforms) = postSolution
		{6EE69E42-2989-47BA-A7B1-B2EE89D47AD2}.Debug|Any CPU.ActiveCfg = Debug|Any CPU
		{6EE69E42-2989-47BA-A7B1-B2EE89D47AD2}.Debug|Any CPU.Build.0 = Debug|Any CPU
		{6EE69E42-2989-47BA-A7B1-B2EE89D47AD2}.Release|Any CPU.ActiveCfg = Release|Any CPU
		{6EE69E42-2989-47BA-A7B1-B2EE89D47AD2}.Release|Any CPU.Build.0 = Release|Any CPU
	EndGlobalSection
	GlobalSection(SolutionProperties) = preSolution
		HideSolutionNode = FALSE
	EndGlobalSection
EndGlobal
